
Microsoft Visual Studio Solution File, Format Version 12.00
# Visual Studio Version 17
VisualStudioVersion = 17.10.34928.147
MinimumVisualStudioVersion = 10.0.40219.1
Project("{9A19103F-16F7-4668-BE54-9A1E7A4F7556}") = "CryptLib", "CryptLib\CryptLib.csproj", "{42482DAC-9D88-4ABE-A60F-76B30FB90CE2}"
EndProject
Project("{FAE04EC0-301F-11D3-BF4B-00C04F79EFBC}") = "CryptTest", "CryptTest\CryptTest.csproj", "{5E98E3D8-E6D2-4A45-95C9-99D044369B55}"
EndProject
Global
	GlobalSection(SolutionConfigurationPlatforms) = preSolution
		Debug|Any CPU = Debug|Any CPU
		Release|Any CPU = Release|Any CPU
	EndGlobalSection
	GlobalSection(ProjectConfigurationPlatforms) = postSolution
		{42482DAC-9D88-4ABE-A60F-76B30FB90CE2}.Debug|Any CPU.ActiveCfg = Release|Any CPU
		{42482DAC-9D88-4ABE-A60F-76B30FB90CE2}.Debug|Any CPU.Build.0 = Release|Any CPU
		{42482DAC-9D88-4ABE-A60F-76B30FB90CE2}.Release|Any CPU.ActiveCfg = Release|Any CPU
		{42482DAC-9D88-4ABE-A60F-76B30FB90CE2}.Release|Any CPU.Build.0 = Release|Any CPU
		{5E98E3D8-E6D2-4A45-95C9-99D044369B55}.Debug|Any CPU.ActiveCfg = Debug|Any CPU
		{5E98E3D8-E6D2-4A45-95C9-99D044369B55}.Debug|Any CPU.Build.0 = Debug|Any CPU
		{5E98E3D8-E6D2-4A45-95C9-99D044369B55}.Release|Any CPU.ActiveCfg = Release|Any CPU
		{5E98E3D8-E6D2-4A45-95C9-99D044369B55}.Release|Any CPU.Build.0 = Release|Any CPU
	EndGlobalSection
	GlobalSection(SolutionProperties) = preSolution
		HideSolutionNode = FALSE
	EndGlobalSection
	GlobalSection(ExtensibilityGlobals) = postSolution
		SolutionGuid = {A0CF0E95-1367-4872-8314-54099A966BEE}
	EndGlobalSection
EndGlobal
